// !$*UTF8*$!
{
	archiveVersion = 1;
	classes = {
	};
	objectVersion = 56;
	objects = {

/* Begin PBXBuildFile section */
		841287CC2B34915100007F75 /* Color.swift in Sources */ = {isa = PBXBuildFile; fileRef = 841287CB2B34915100007F75 /* Color.swift */; };
		841287CF2B34A88D00007F75 /* ProgressBarView.swift in Sources */ = {isa = PBXBuildFile; fileRef = 841287CE2B34A88D00007F75 /* ProgressBarView.swift */; };
		841287D12B34AB3900007F75 /* Numbers.swift in Sources */ = {isa = PBXBuildFile; fileRef = 841287D02B34AB3900007F75 /* Numbers.swift */; };
		841287D32B34AEDD00007F75 /* UserDetailsCardView.swift in Sources */ = {isa = PBXBuildFile; fileRef = 841287D22B34AEDD00007F75 /* UserDetailsCardView.swift */; };
		841287D52B34B0F400007F75 /* ProjectsListView.swift in Sources */ = {isa = PBXBuildFile; fileRef = 841287D42B34B0F400007F75 /* ProjectsListView.swift */; };
		84128FD52B332B2A00D279F8 /* Errors.swift in Sources */ = {isa = PBXBuildFile; fileRef = 84128FD42B332B2A00D279F8 /* Errors.swift */; };
		84128FDA2B33445300D279F8 /* ErrorSnackBarView.swift in Sources */ = {isa = PBXBuildFile; fileRef = 84128FD92B33445300D279F8 /* ErrorSnackBarView.swift */; };
		84C2ED662B34DCB1002389A5 /* SkillsListView.swift in Sources */ = {isa = PBXBuildFile; fileRef = 84C2ED652B34DCB1002389A5 /* SkillsListView.swift */; };
		84DDB3C72B2B5533005B8D7C /* swifty_companionApp.swift in Sources */ = {isa = PBXBuildFile; fileRef = 84DDB3C62B2B5533005B8D7C /* swifty_companionApp.swift */; };
		84DDB3C92B2B5533005B8D7C /* HomeView.swift in Sources */ = {isa = PBXBuildFile; fileRef = 84DDB3C82B2B5533005B8D7C /* HomeView.swift */; };
		84DDB3CB2B2B5534005B8D7C /* Assets.xcassets in Resources */ = {isa = PBXBuildFile; fileRef = 84DDB3CA2B2B5534005B8D7C /* Assets.xcassets */; };
		84DDB3CE2B2B5534005B8D7C /* Preview Assets.xcassets in Resources */ = {isa = PBXBuildFile; fileRef = 84DDB3CD2B2B5534005B8D7C /* Preview Assets.xcassets */; };
		84DDB3FA2B2C7142005B8D7C /* APIManager.swift in Sources */ = {isa = PBXBuildFile; fileRef = 84DDB3F92B2C7142005B8D7C /* APIManager.swift */; };
		84DDB3FE2B2C8BB9005B8D7C /* UserService.swift in Sources */ = {isa = PBXBuildFile; fileRef = 84DDB3FD2B2C8BB9005B8D7C /* UserService.swift */; };
		84DDB4022B2C98CF005B8D7C /* UserModel.swift in Sources */ = {isa = PBXBuildFile; fileRef = 84DDB4012B2C98CF005B8D7C /* UserModel.swift */; };
		84DDB4042B2CABA4005B8D7C /* HomeViewModel.swift in Sources */ = {isa = PBXBuildFile; fileRef = 84DDB4032B2CABA4005B8D7C /* HomeViewModel.swift */; };
		84DDB4072B2DDBE1005B8D7C /* UserDetailsView.swift in Sources */ = {isa = PBXBuildFile; fileRef = 84DDB4062B2DDBE1005B8D7C /* UserDetailsView.swift */; };
		84DDB4092B325983005B8D7C /* UserDetailsViewModel.swift in Sources */ = {isa = PBXBuildFile; fileRef = 84DDB4082B325983005B8D7C /* UserDetailsViewModel.swift */; };
/* End PBXBuildFile section */

/* Begin PBXFileReference section */
		841287CB2B34915100007F75 /* Color.swift */ = {isa = PBXFileReference; lastKnownFileType = sourcecode.swift; path = Color.swift; sourceTree = "<group>"; };
		841287CE2B34A88D00007F75 /* ProgressBarView.swift */ = {isa = PBXFileReference; lastKnownFileType = sourcecode.swift; path = ProgressBarView.swift; sourceTree = "<group>"; };
		841287D02B34AB3900007F75 /* Numbers.swift */ = {isa = PBXFileReference; lastKnownFileType = sourcecode.swift; path = Numbers.swift; sourceTree = "<group>"; };
		841287D22B34AEDD00007F75 /* UserDetailsCardView.swift */ = {isa = PBXFileReference; lastKnownFileType = sourcecode.swift; path = UserDetailsCardView.swift; sourceTree = "<group>"; };
		841287D42B34B0F400007F75 /* ProjectsListView.swift */ = {isa = PBXFileReference; lastKnownFileType = sourcecode.swift; path = ProjectsListView.swift; sourceTree = "<group>"; };
		84128FD32B32FC3100D279F8 /* Info.plist */ = {isa = PBXFileReference; lastKnownFileType = text.plist.xml; path = Info.plist; sourceTree = "<group>"; };
		84128FD42B332B2A00D279F8 /* Errors.swift */ = {isa = PBXFileReference; lastKnownFileType = sourcecode.swift; path = Errors.swift; sourceTree = "<group>"; };
		84128FD92B33445300D279F8 /* ErrorSnackBarView.swift */ = {isa = PBXFileReference; lastKnownFileType = sourcecode.swift; path = ErrorSnackBarView.swift; sourceTree = "<group>"; };
		84C2ED652B34DCB1002389A5 /* SkillsListView.swift */ = {isa = PBXFileReference; lastKnownFileType = sourcecode.swift; path = SkillsListView.swift; sourceTree = "<group>"; };
		84DDB3C32B2B5533005B8D7C /* swifty-companion.app */ = {isa = PBXFileReference; explicitFileType = wrapper.application; includeInIndex = 0; path = "swifty-companion.app"; sourceTree = BUILT_PRODUCTS_DIR; };
		84DDB3C62B2B5533005B8D7C /* swifty_companionApp.swift */ = {isa = PBXFileReference; lastKnownFileType = sourcecode.swift; path = swifty_companionApp.swift; sourceTree = "<group>"; };
		84DDB3C82B2B5533005B8D7C /* HomeView.swift */ = {isa = PBXFileReference; lastKnownFileType = sourcecode.swift; path = HomeView.swift; sourceTree = "<group>"; };
		84DDB3CA2B2B5534005B8D7C /* Assets.xcassets */ = {isa = PBXFileReference; lastKnownFileType = folder.assetcatalog; path = Assets.xcassets; sourceTree = "<group>"; };
		84DDB3CD2B2B5534005B8D7C /* Preview Assets.xcassets */ = {isa = PBXFileReference; lastKnownFileType = folder.assetcatalog; path = "Preview Assets.xcassets"; sourceTree = "<group>"; };
		84DDB3F62B2C6A04005B8D7C /* Config.xcconfig */ = {isa = PBXFileReference; lastKnownFileType = text.xcconfig; path = Config.xcconfig; sourceTree = "<group>"; };
		84DDB3F92B2C7142005B8D7C /* APIManager.swift */ = {isa = PBXFileReference; lastKnownFileType = sourcecode.swift; path = APIManager.swift; sourceTree = "<group>"; };
		84DDB3FD2B2C8BB9005B8D7C /* UserService.swift */ = {isa = PBXFileReference; lastKnownFileType = sourcecode.swift; path = UserService.swift; sourceTree = "<group>"; };
		84DDB3FF2B2C9742005B8D7C /* info.plist */ = {isa = PBXFileReference; lastKnownFileType = text.plist.xml; path = info.plist; sourceTree = "<group>"; };
		84DDB4012B2C98CF005B8D7C /* UserModel.swift */ = {isa = PBXFileReference; lastKnownFileType = sourcecode.swift; path = UserModel.swift; sourceTree = "<group>"; };
		84DDB4032B2CABA4005B8D7C /* HomeViewModel.swift */ = {isa = PBXFileReference; lastKnownFileType = sourcecode.swift; path = HomeViewModel.swift; sourceTree = "<group>"; };
		84DDB4062B2DDBE1005B8D7C /* UserDetailsView.swift */ = {isa = PBXFileReference; lastKnownFileType = sourcecode.swift; path = UserDetailsView.swift; sourceTree = "<group>"; };
		84DDB4082B325983005B8D7C /* UserDetailsViewModel.swift */ = {isa = PBXFileReference; lastKnownFileType = sourcecode.swift; path = UserDetailsViewModel.swift; sourceTree = "<group>"; };
/* End PBXFileReference section */

/* Begin PBXFrameworksBuildPhase section */
		84DDB3C02B2B5533005B8D7C /* Frameworks */ = {
			isa = PBXFrameworksBuildPhase;
			buildActionMask = 2147483647;
			files = (
			);
			runOnlyForDeploymentPostprocessing = 0;
		};
/* End PBXFrameworksBuildPhase section */

/* Begin PBXGroup section */
		841287CA2B34914600007F75 /* Utils */ = {
			isa = PBXGroup;
			children = (
				841287CB2B34915100007F75 /* Color.swift */,
				841287D02B34AB3900007F75 /* Numbers.swift */,
			);
			path = Utils;
			sourceTree = "<group>";
		};
		841287CD2B34A87B00007F75 /* Views */ = {
			isa = PBXGroup;
			children = (
				841287CE2B34A88D00007F75 /* ProgressBarView.swift */,
				841287D42B34B0F400007F75 /* ProjectsListView.swift */,
				84C2ED652B34DCB1002389A5 /* SkillsListView.swift */,
				841287D22B34AEDD00007F75 /* UserDetailsCardView.swift */,
			);
			path = Views;
			sourceTree = "<group>";
		};
		84128FD62B33441300D279F8 /* ErrorSnackBar */ = {
			isa = PBXGroup;
			children = (
				84128FD92B33445300D279F8 /* ErrorSnackBarView.swift */,
			);
			path = ErrorSnackBar;
			sourceTree = "<group>";
		};
		84DDB3BA2B2B5533005B8D7C = {
			isa = PBXGroup;
			children = (
				84DDB3C52B2B5533005B8D7C /* swifty-companion */,
				84DDB3C42B2B5533005B8D7C /* Products */,
			);
			sourceTree = "<group>";
		};
		84DDB3C42B2B5533005B8D7C /* Products */ = {
			isa = PBXGroup;
			children = (
				84DDB3C32B2B5533005B8D7C /* swifty-companion.app */,
			);
			name = Products;
			sourceTree = "<group>";
		};
		84DDB3C52B2B5533005B8D7C /* swifty-companion */ = {
			isa = PBXGroup;
			children = (
				84128FD32B32FC3100D279F8 /* Info.plist */,
				84DDB3C62B2B5533005B8D7C /* swifty_companionApp.swift */,
				841287CA2B34914600007F75 /* Utils */,
				84DDB4002B2C98BE005B8D7C /* Models */,
				84DDB3F02B2C63C8005B8D7C /* Services */,
				84DDB3EF2B2C63B1005B8D7C /* Features */,
				84DDB3CA2B2B5534005B8D7C /* Assets.xcassets */,
				84DDB3FF2B2C9742005B8D7C /* info.plist */,
				84DDB3F62B2C6A04005B8D7C /* Config.xcconfig */,
				84DDB3CC2B2B5534005B8D7C /* Preview Content */,
			);
			path = "swifty-companion";
			sourceTree = "<group>";
		};
		84DDB3CC2B2B5534005B8D7C /* Preview Content */ = {
			isa = PBXGroup;
			children = (
				84DDB3CD2B2B5534005B8D7C /* Preview Assets.xcassets */,
			);
			path = "Preview Content";
			sourceTree = "<group>";
		};
		84DDB3EF2B2C63B1005B8D7C /* Features */ = {
			isa = PBXGroup;
			children = (
				84128FD62B33441300D279F8 /* ErrorSnackBar */,
				84DDB4052B2DDBD1005B8D7C /* UserDetails */,
				84DDB3F22B2C6418005B8D7C /* Home */,
			);
			path = Features;
			sourceTree = "<group>";
		};
		84DDB3F02B2C63C8005B8D7C /* Services */ = {
			isa = PBXGroup;
			children = (
				84DDB3F92B2C7142005B8D7C /* APIManager.swift */,
				84DDB3FD2B2C8BB9005B8D7C /* UserService.swift */,
			);
			path = Services;
			sourceTree = "<group>";
		};
		84DDB3F22B2C6418005B8D7C /* Home */ = {
			isa = PBXGroup;
			children = (
				84DDB3C82B2B5533005B8D7C /* HomeView.swift */,
				84DDB4032B2CABA4005B8D7C /* HomeViewModel.swift */,
			);
			path = Home;
			sourceTree = "<group>";
		};
		84DDB4002B2C98BE005B8D7C /* Models */ = {
			isa = PBXGroup;
			children = (
				84DDB4012B2C98CF005B8D7C /* UserModel.swift */,
				84128FD42B332B2A00D279F8 /* Errors.swift */,
			);
			path = Models;
			sourceTree = "<group>";
		};
		84DDB4052B2DDBD1005B8D7C /* UserDetails */ = {
			isa = PBXGroup;
			children = (
				841287CD2B34A87B00007F75 /* Views */,
				84DDB4062B2DDBE1005B8D7C /* UserDetailsView.swift */,
				84DDB4082B325983005B8D7C /* UserDetailsViewModel.swift */,
			);
			path = UserDetails;
			sourceTree = "<group>";
		};
/* End PBXGroup section */

/* Begin PBXNativeTarget section */
		84DDB3C22B2B5533005B8D7C /* swifty-companion */ = {
			isa = PBXNativeTarget;
			buildConfigurationList = 84DDB3D12B2B5534005B8D7C /* Build configuration list for PBXNativeTarget "swifty-companion" */;
			buildPhases = (
				84DDB3BF2B2B5533005B8D7C /* Sources */,
				84DDB3C02B2B5533005B8D7C /* Frameworks */,
				84DDB3C12B2B5533005B8D7C /* Resources */,
			);
			buildRules = (
			);
			dependencies = (
			);
			name = "swifty-companion";
			productName = "swifty-companion";
			productReference = 84DDB3C32B2B5533005B8D7C /* swifty-companion.app */;
			productType = "com.apple.product-type.application";
		};
/* End PBXNativeTarget section */

/* Begin PBXProject section */
		84DDB3BB2B2B5533005B8D7C /* Project object */ = {
			isa = PBXProject;
			attributes = {
				BuildIndependentTargetsInParallel = 1;
				LastSwiftUpdateCheck = 1510;
				LastUpgradeCheck = 1510;
				TargetAttributes = {
					84DDB3C22B2B5533005B8D7C = {
						CreatedOnToolsVersion = 15.1;
					};
				};
			};
			buildConfigurationList = 84DDB3BE2B2B5533005B8D7C /* Build configuration list for PBXProject "swifty-companion" */;
			compatibilityVersion = "Xcode 14.0";
			developmentRegion = en;
			hasScannedForEncodings = 0;
			knownRegions = (
				en,
				Base,
			);
			mainGroup = 84DDB3BA2B2B5533005B8D7C;
			productRefGroup = 84DDB3C42B2B5533005B8D7C /* Products */;
			projectDirPath = "";
			projectRoot = "";
			targets = (
				84DDB3C22B2B5533005B8D7C /* swifty-companion */,
			);
		};
/* End PBXProject section */

/* Begin PBXResourcesBuildPhase section */
		84DDB3C12B2B5533005B8D7C /* Resources */ = {
			isa = PBXResourcesBuildPhase;
			buildActionMask = 2147483647;
			files = (
				84DDB3CE2B2B5534005B8D7C /* Preview Assets.xcassets in Resources */,
				84DDB3CB2B2B5534005B8D7C /* Assets.xcassets in Resources */,
			);
			runOnlyForDeploymentPostprocessing = 0;
		};
/* End PBXResourcesBuildPhase section */

/* Begin PBXSourcesBuildPhase section */
		84DDB3BF2B2B5533005B8D7C /* Sources */ = {
			isa = PBXSourcesBuildPhase;
			buildActionMask = 2147483647;
			files = (
				84DDB3FE2B2C8BB9005B8D7C /* UserService.swift in Sources */,
				84DDB3FA2B2C7142005B8D7C /* APIManager.swift in Sources */,
				841287CC2B34915100007F75 /* Color.swift in Sources */,
				84DDB4042B2CABA4005B8D7C /* HomeViewModel.swift in Sources */,
				84DDB3C92B2B5533005B8D7C /* HomeView.swift in Sources */,
				84DDB4072B2DDBE1005B8D7C /* UserDetailsView.swift in Sources */,
				84DDB4022B2C98CF005B8D7C /* UserModel.swift in Sources */,
				84128FDA2B33445300D279F8 /* ErrorSnackBarView.swift in Sources */,
				84C2ED662B34DCB1002389A5 /* SkillsListView.swift in Sources */,
				841287D12B34AB3900007F75 /* Numbers.swift in Sources */,
				84DDB4092B325983005B8D7C /* UserDetailsViewModel.swift in Sources */,
				841287D52B34B0F400007F75 /* ProjectsListView.swift in Sources */,
				84128FD52B332B2A00D279F8 /* Errors.swift in Sources */,
				841287CF2B34A88D00007F75 /* ProgressBarView.swift in Sources */,
				841287D32B34AEDD00007F75 /* UserDetailsCardView.swift in Sources */,
				84DDB3C72B2B5533005B8D7C /* swifty_companionApp.swift in Sources */,
			);
			runOnlyForDeploymentPostprocessing = 0;
		};
/* End PBXSourcesBuildPhase section */

/* Begin XCBuildConfiguration section */
		84DDB3CF2B2B5534005B8D7C /* Debug */ = {
			isa = XCBuildConfiguration;
			baseConfigurationReference = 84DDB3F62B2C6A04005B8D7C /* Config.xcconfig */;
			buildSettings = {
				ALWAYS_SEARCH_USER_PATHS = NO;
				ASSETCATALOG_COMPILER_GENERATE_SWIFT_ASSET_SYMBOL_EXTENSIONS = YES;
				CLANG_ANALYZER_NONNULL = YES;
				CLANG_ANALYZER_NUMBER_OBJECT_CONVERSION = YES_AGGRESSIVE;
				CLANG_CXX_LANGUAGE_STANDARD = "gnu++20";
				CLANG_ENABLE_MODULES = YES;
				CLANG_ENABLE_OBJC_ARC = YES;
				CLANG_ENABLE_OBJC_WEAK = YES;
				CLANG_WARN_BLOCK_CAPTURE_AUTORELEASING = YES;
				CLANG_WARN_BOOL_CONVERSION = YES;
				CLANG_WARN_COMMA = YES;
				CLANG_WARN_CONSTANT_CONVERSION = YES;
				CLANG_WARN_DEPRECATED_OBJC_IMPLEMENTATIONS = YES;
				CLANG_WARN_DIRECT_OBJC_ISA_USAGE = YES_ERROR;
				CLANG_WARN_DOCUMENTATION_COMMENTS = YES;
				CLANG_WARN_EMPTY_BODY = YES;
				CLANG_WARN_ENUM_CONVERSION = YES;
				CLANG_WARN_INFINITE_RECURSION = YES;
				CLANG_WARN_INT_CONVERSION = YES;
				CLANG_WARN_NON_LITERAL_NULL_CONVERSION = YES;
				CLANG_WARN_OBJC_IMPLICIT_RETAIN_SELF = YES;
				CLANG_WARN_OBJC_LITERAL_CONVERSION = YES;
				CLANG_WARN_OBJC_ROOT_CLASS = YES_ERROR;
				CLANG_WARN_QUOTED_INCLUDE_IN_FRAMEWORK_HEADER = YES;
				CLANG_WARN_RANGE_LOOP_ANALYSIS = YES;
				CLANG_WARN_STRICT_PROTOTYPES = YES;
				CLANG_WARN_SUSPICIOUS_MOVE = YES;
				CLANG_WARN_UNGUARDED_AVAILABILITY = YES_AGGRESSIVE;
				CLANG_WARN_UNREACHABLE_CODE = YES;
				CLANG_WARN__DUPLICATE_METHOD_MATCH = YES;
				COPY_PHASE_STRIP = NO;
				DEBUG_INFORMATION_FORMAT = dwarf;
				ENABLE_STRICT_OBJC_MSGSEND = YES;
				ENABLE_TESTABILITY = YES;
				ENABLE_USER_SCRIPT_SANDBOXING = YES;
				GCC_C_LANGUAGE_STANDARD = gnu17;
				GCC_DYNAMIC_NO_PIC = NO;
				GCC_NO_COMMON_BLOCKS = YES;
				GCC_OPTIMIZATION_LEVEL = 0;
				GCC_PREPROCESSOR_DEFINITIONS = (
					"DEBUG=1",
					"$(inherited)",
				);
				GCC_WARN_64_TO_32_BIT_CONVERSION = YES;
				GCC_WARN_ABOUT_RETURN_TYPE = YES_ERROR;
				GCC_WARN_UNDECLARED_SELECTOR = YES;
				GCC_WARN_UNINITIALIZED_AUTOS = YES_AGGRESSIVE;
				GCC_WARN_UNUSED_FUNCTION = YES;
				GCC_WARN_UNUSED_VARIABLE = YES;
				IPHONEOS_DEPLOYMENT_TARGET = 17.2;
				LOCALIZATION_PREFERS_STRING_CATALOGS = YES;
				MTL_ENABLE_DEBUG_INFO = INCLUDE_SOURCE;
				MTL_FAST_MATH = YES;
				ONLY_ACTIVE_ARCH = YES;
				SDKROOT = iphoneos;
				SWIFT_ACTIVE_COMPILATION_CONDITIONS = "DEBUG $(inherited)";
				SWIFT_OPTIMIZATION_LEVEL = "-Onone";
			};
			name = Debug;
		};
		84DDB3D02B2B5534005B8D7C /* Release */ = {
			isa = XCBuildConfiguration;
			baseConfigurationReference = 84DDB3F62B2C6A04005B8D7C /* Config.xcconfig */;
			buildSettings = {
				ALWAYS_SEARCH_USER_PATHS = NO;
				ASSETCATALOG_COMPILER_GENERATE_SWIFT_ASSET_SYMBOL_EXTENSIONS = YES;
				CLANG_ANALYZER_NONNULL = YES;
				CLANG_ANALYZER_NUMBER_OBJECT_CONVERSION = YES_AGGRESSIVE;
				CLANG_CXX_LANGUAGE_STANDARD = "gnu++20";
				CLANG_ENABLE_MODULES = YES;
				CLANG_ENABLE_OBJC_ARC = YES;
				CLANG_ENABLE_OBJC_WEAK = YES;
				CLANG_WARN_BLOCK_CAPTURE_AUTORELEASING = YES;
				CLANG_WARN_BOOL_CONVERSION = YES;
				CLANG_WARN_COMMA = YES;
				CLANG_WARN_CONSTANT_CONVERSION = YES;
				CLANG_WARN_DEPRECATED_OBJC_IMPLEMENTATIONS = YES;
				CLANG_WARN_DIRECT_OBJC_ISA_USAGE = YES_ERROR;
				CLANG_WARN_DOCUMENTATION_COMMENTS = YES;
				CLANG_WARN_EMPTY_BODY = YES;
				CLANG_WARN_ENUM_CONVERSION = YES;
				CLANG_WARN_INFINITE_RECURSION = YES;
				CLANG_WARN_INT_CONVERSION = YES;
				CLANG_WARN_NON_LITERAL_NULL_CONVERSION = YES;
				CLANG_WARN_OBJC_IMPLICIT_RETAIN_SELF = YES;
				CLANG_WARN_OBJC_LITERAL_CONVERSION = YES;
				CLANG_WARN_OBJC_ROOT_CLASS = YES_ERROR;
				CLANG_WARN_QUOTED_INCLUDE_IN_FRAMEWORK_HEADER = YES;
				CLANG_WARN_RANGE_LOOP_ANALYSIS = YES;
				CLANG_WARN_STRICT_PROTOTYPES = YES;
				CLANG_WARN_SUSPICIOUS_MOVE = YES;
				CLANG_WARN_UNGUARDED_AVAILABILITY = YES_AGGRESSIVE;
				CLANG_WARN_UNREACHABLE_CODE = YES;
				CLANG_WARN__DUPLICATE_METHOD_MATCH = YES;
				COPY_PHASE_STRIP = NO;
				DEBUG_INFORMATION_FORMAT = "dwarf-with-dsym";
				ENABLE_NS_ASSERTIONS = NO;
				ENABLE_STRICT_OBJC_MSGSEND = YES;
				ENABLE_USER_SCRIPT_SANDBOXING = YES;
				GCC_C_LANGUAGE_STANDARD = gnu17;
				GCC_NO_COMMON_BLOCKS = YES;
				GCC_WARN_64_TO_32_BIT_CONVERSION = YES;
				GCC_WARN_ABOUT_RETURN_TYPE = YES_ERROR;
				GCC_WARN_UNDECLARED_SELECTOR = YES;
				GCC_WARN_UNINITIALIZED_AUTOS = YES_AGGRESSIVE;
				GCC_WARN_UNUSED_FUNCTION = YES;
				GCC_WARN_UNUSED_VARIABLE = YES;
				IPHONEOS_DEPLOYMENT_TARGET = 17.2;
				LOCALIZATION_PREFERS_STRING_CATALOGS = YES;
				MTL_ENABLE_DEBUG_INFO = NO;
				MTL_FAST_MATH = YES;
				SDKROOT = iphoneos;
				SWIFT_COMPILATION_MODE = wholemodule;
				VALIDATE_PRODUCT = YES;
			};
			name = Release;
		};
		84DDB3D22B2B5534005B8D7C /* Debug */ = {
			isa = XCBuildConfiguration;
			buildSettings = {
				ASSETCATALOG_COMPILER_APPICON_NAME = AppIcon;
				ASSETCATALOG_COMPILER_GLOBAL_ACCENT_COLOR_NAME = AccentColor;
				CODE_SIGN_STYLE = Automatic;
				CURRENT_PROJECT_VERSION = 1;
				DEVELOPMENT_ASSET_PATHS = "\"swifty-companion/Preview Content\"";
				ENABLE_PREVIEWS = YES;
				GENERATE_INFOPLIST_FILE = YES;
				INFOPLIST_FILE = "swifty-companion/Info.plist";
				INFOPLIST_KEY_UIApplicationSceneManifest_Generation = YES;
				INFOPLIST_KEY_UIApplicationSupportsIndirectInputEvents = YES;
				INFOPLIST_KEY_UILaunchScreen_Generation = YES;
				INFOPLIST_KEY_UISupportedInterfaceOrientations = UIInterfaceOrientationPortrait;
				INFOPLIST_KEY_UISupportedInterfaceOrientations_iPad = "UIInterfaceOrientationLandscapeLeft UIInterfaceOrientationLandscapeRight UIInterfaceOrientationPortrait UIInterfaceOrientationPortraitUpsideDown";
				LD_RUNPATH_SEARCH_PATHS = (
					"$(inherited)",
					"@executable_path/Frameworks",
				);
				MARKETING_VERSION = 1.0;
				PRODUCT_BUNDLE_IDENTIFIER = "cdine.swifty-companion";
				PRODUCT_NAME = "$(TARGET_NAME)";
				SWIFT_EMIT_LOC_STRINGS = YES;
				SWIFT_VERSION = 5.0;
				TARGETED_DEVICE_FAMILY = "1,2";
			};
			name = Debug;
		};
		84DDB3D32B2B5534005B8D7C /* Release */ = {
			isa = XCBuildConfiguration;
			buildSettings = {
				ASSETCATALOG_COMPILER_APPICON_NAME = AppIcon;
				ASSETCATALOG_COMPILER_GLOBAL_ACCENT_COLOR_NAME = AccentColor;
				CODE_SIGN_STYLE = Automatic;
				CURRENT_PROJECT_VERSION = 1;
				DEVELOPMENT_ASSET_PATHS = "\"swifty-companion/Preview Content\"";
				ENABLE_PREVIEWS = YES;
				GENERATE_INFOPLIST_FILE = YES;
				INFOPLIST_FILE = "swifty-companion/Info.plist";
				INFOPLIST_KEY_UIApplicationSceneManifest_Generation = YES;
				INFOPLIST_KEY_UIApplicationSupportsIndirectInputEvents = YES;
				INFOPLIST_KEY_UILaunchScreen_Generation = YES;
				INFOPLIST_KEY_UISupportedInterfaceOrientations = UIInterfaceOrientationPortrait;
				INFOPLIST_KEY_UISupportedInterfaceOrientations_iPad = "UIInterfaceOrientationLandscapeLeft UIInterfaceOrientationLandscapeRight UIInterfaceOrientationPortrait UIInterfaceOrientationPortraitUpsideDown";
				LD_RUNPATH_SEARCH_PATHS = (
					"$(inherited)",
					"@executable_path/Frameworks",
				);
				MARKETING_VERSION = 1.0;
				PRODUCT_BUNDLE_IDENTIFIER = "cdine.swifty-companion";
				PRODUCT_NAME = "$(TARGET_NAME)";
				SWIFT_EMIT_LOC_STRINGS = YES;
				SWIFT_VERSION = 5.0;
				TARGETED_DEVICE_FAMILY = "1,2";
			};
			name = Release;
		};
/* End XCBuildConfiguration section */

/* Begin XCConfigurationList section */
		84DDB3BE2B2B5533005B8D7C /* Build configuration list for PBXProject "swifty-companion" */ = {
			isa = XCConfigurationList;
			buildConfigurations = (
				84DDB3CF2B2B5534005B8D7C /* Debug */,
				84DDB3D02B2B5534005B8D7C /* Release */,
			);
			defaultConfigurationIsVisible = 0;
			defaultConfigurationName = Release;
		};
		84DDB3D12B2B5534005B8D7C /* Build configuration list for PBXNativeTarget "swifty-companion" */ = {
			isa = XCConfigurationList;
			buildConfigurations = (
				84DDB3D22B2B5534005B8D7C /* Debug */,
				84DDB3D32B2B5534005B8D7C /* Release */,
			);
			defaultConfigurationIsVisible = 0;
			defaultConfigurationName = Release;
		};
/* End XCConfigurationList section */
	};
	rootObject = 84DDB3BB2B2B5533005B8D7C /* Project object */;
}
